// !$*UTF8*$!
{
	archiveVersion = 1;
	classes = {
	};
	objectVersion = 77;
	objects = {

/* Begin PBXBuildFile section */
		921F44D72C8DBD8D0052F0CE /* Lottie in Frameworks */ = {isa = PBXBuildFile; productRef = 921F44D62C8DBD8D0052F0CE /* Lottie */; };
		921F45432C99E98C0052F0CE /* CatImagesApp.swift in Sources */ = {isa = PBXBuildFile; fileRef = 921F453B2C99E98C0052F0CE /* CatImagesApp.swift */; };
		921F45442C99E98C0052F0CE /* CatView.swift in Sources */ = {isa = PBXBuildFile; fileRef = 921F453C2C99E98C0052F0CE /* CatView.swift */; };
		921F45452C99E98C0052F0CE /* FavoritesView.swift in Sources */ = {isa = PBXBuildFile; fileRef = 921F453D2C99E98C0052F0CE /* FavoritesView.swift */; };
		921F45462C99E98C0052F0CE /* Model.swift in Sources */ = {isa = PBXBuildFile; fileRef = 921F453F2C99E98C0052F0CE /* Model.swift */; };
		921F45472C99E98C0052F0CE /* ViewModel.swift in Sources */ = {isa = PBXBuildFile; fileRef = 921F45402C99E98C0052F0CE /* ViewModel.swift */; };
		921F45482C99E98C0052F0CE /* Preview Assets.xcassets in Resources */ = {isa = PBXBuildFile; fileRef = 921F45362C99E98C0052F0CE /* Preview Assets.xcassets */; };
		921F45492C99E98C0052F0CE /* Assets.xcassets in Resources */ = {isa = PBXBuildFile; fileRef = 921F45382C99E98C0052F0CE /* Assets.xcassets */; };
		921F454A2C99E98C0052F0CE /* cat.json in Resources */ = {isa = PBXBuildFile; fileRef = 921F45392C99E98C0052F0CE /* cat.json */; };
		921F454B2C99E98C0052F0CE /* cat1.json in Resources */ = {isa = PBXBuildFile; fileRef = 921F453A2C99E98C0052F0CE /* cat1.json */; };
		921F454C2C99E98C0052F0CE /* heart.json in Resources */ = {isa = PBXBuildFile; fileRef = 921F453E2C99E98C0052F0CE /* heart.json */; };
		921F454D2C99E98C0052F0CE /* xmark.json in Resources */ = {isa = PBXBuildFile; fileRef = 921F45412C99E98C0052F0CE /* xmark.json */; };
		921F45502C99EA4B0052F0CE /* CustomSwitchView.swift in Sources */ = {isa = PBXBuildFile; fileRef = 921F454F2C99EA4B0052F0CE /* CustomSwitchView.swift */; };
		921F45532C99ECAB0052F0CE /* ControllersView.swift in Sources */ = {isa = PBXBuildFile; fileRef = 921F45522C99ECAB0052F0CE /* ControllersView.swift */; };
/* End PBXBuildFile section */

/* Begin PBXFileReference section */
		921F45362C99E98C0052F0CE /* Preview Assets.xcassets */ = {isa = PBXFileReference; lastKnownFileType = folder.assetcatalog; path = "Preview Assets.xcassets"; sourceTree = "<group>"; };
		921F45382C99E98C0052F0CE /* Assets.xcassets */ = {isa = PBXFileReference; lastKnownFileType = folder.assetcatalog; path = Assets.xcassets; sourceTree = "<group>"; };
		921F45392C99E98C0052F0CE /* cat.json */ = {isa = PBXFileReference; lastKnownFileType = text.json; path = cat.json; sourceTree = "<group>"; };
		921F453A2C99E98C0052F0CE /* cat1.json */ = {isa = PBXFileReference; lastKnownFileType = text.json; path = cat1.json; sourceTree = "<group>"; };
		921F453B2C99E98C0052F0CE /* CatImagesApp.swift */ = {isa = PBXFileReference; lastKnownFileType = sourcecode.swift; path = CatImagesApp.swift; sourceTree = "<group>"; };
		921F453C2C99E98C0052F0CE /* CatView.swift */ = {isa = PBXFileReference; lastKnownFileType = sourcecode.swift; path = CatView.swift; sourceTree = "<group>"; };
		921F453D2C99E98C0052F0CE /* FavoritesView.swift */ = {isa = PBXFileReference; lastKnownFileType = sourcecode.swift; path = FavoritesView.swift; sourceTree = "<group>"; };
		921F453E2C99E98C0052F0CE /* heart.json */ = {isa = PBXFileReference; lastKnownFileType = text.json; path = heart.json; sourceTree = "<group>"; };
		921F453F2C99E98C0052F0CE /* Model.swift */ = {isa = PBXFileReference; lastKnownFileType = sourcecode.swift; path = Model.swift; sourceTree = "<group>"; };
		921F45402C99E98C0052F0CE /* ViewModel.swift */ = {isa = PBXFileReference; lastKnownFileType = sourcecode.swift; path = ViewModel.swift; sourceTree = "<group>"; };
		921F45412C99E98C0052F0CE /* xmark.json */ = {isa = PBXFileReference; lastKnownFileType = text.json; path = xmark.json; sourceTree = "<group>"; };
		921F454F2C99EA4B0052F0CE /* CustomSwitchView.swift */ = {isa = PBXFileReference; lastKnownFileType = sourcecode.swift; path = CustomSwitchView.swift; sourceTree = "<group>"; };
		921F45522C99ECAB0052F0CE /* ControllersView.swift */ = {isa = PBXFileReference; lastKnownFileType = sourcecode.swift; path = ControllersView.swift; sourceTree = "<group>"; };
		92CE44222C8A02790064C62C /* CatImages.app */ = {isa = PBXFileReference; explicitFileType = wrapper.application; includeInIndex = 0; path = CatImages.app; sourceTree = BUILT_PRODUCTS_DIR; };
/* End PBXFileReference section */

/* Begin PBXFrameworksBuildPhase section */
		92CE441F2C8A02790064C62C /* Frameworks */ = {
			isa = PBXFrameworksBuildPhase;
			buildActionMask = 2147483647;
			files = (
				921F44D72C8DBD8D0052F0CE /* Lottie in Frameworks */,
			);
			runOnlyForDeploymentPostprocessing = 0;
		};
/* End PBXFrameworksBuildPhase section */

/* Begin PBXGroup section */
		921F45372C99E98C0052F0CE /* Preview Content */ = {
			isa = PBXGroup;
			children = (
				921F45362C99E98C0052F0CE /* Preview Assets.xcassets */,
			);
			path = "Preview Content";
			sourceTree = "<group>";
		};
		921F45422C99E98C0052F0CE /* CatImages */ = {
			isa = PBXGroup;
			children = (
				921F453B2C99E98C0052F0CE /* CatImagesApp.swift */,
				921F45512C99EC6D0052F0CE /* Views */,
				921F453F2C99E98C0052F0CE /* Model.swift */,
				921F45402C99E98C0052F0CE /* ViewModel.swift */,
				921F45372C99E98C0052F0CE /* Preview Content */,
				921F45382C99E98C0052F0CE /* Assets.xcassets */,
				921F454E2C99E9980052F0CE /* Animations */,
			);
			path = CatImages;
			sourceTree = "<group>";
		};
		921F454E2C99E9980052F0CE /* Animations */ = {
			isa = PBXGroup;
			children = (
				921F45392C99E98C0052F0CE /* cat.json */,
				921F453A2C99E98C0052F0CE /* cat1.json */,
				921F453E2C99E98C0052F0CE /* heart.json */,
				921F45412C99E98C0052F0CE /* xmark.json */,
			);
			path = Animations;
			sourceTree = "<group>";
		};
		921F45512C99EC6D0052F0CE /* Views */ = {
			isa = PBXGroup;
			children = (
				921F453C2C99E98C0052F0CE /* CatView.swift */,
				921F454F2C99EA4B0052F0CE /* CustomSwitchView.swift */,
				921F453D2C99E98C0052F0CE /* FavoritesView.swift */,
				921F45522C99ECAB0052F0CE /* ControllersView.swift */,
			);
			path = Views;
			sourceTree = "<group>";
		};
		92CE44192C8A02790064C62C = {
			isa = PBXGroup;
			children = (
				921F45422C99E98C0052F0CE /* CatImages */,
				92CE44232C8A02790064C62C /* Products */,
			);
			sourceTree = "<group>";
		};
		92CE44232C8A02790064C62C /* Products */ = {
			isa = PBXGroup;
			children = (
				92CE44222C8A02790064C62C /* CatImages.app */,
			);
			name = Products;
			sourceTree = "<group>";
		};
/* End PBXGroup section */

/* Begin PBXNativeTarget section */
		92CE44212C8A02790064C62C /* CatImages */ = {
			isa = PBXNativeTarget;
			buildConfigurationList = 92CE44302C8A027A0064C62C /* Build configuration list for PBXNativeTarget "CatImages" */;
			buildPhases = (
				92CE441E2C8A02790064C62C /* Sources */,
				92CE441F2C8A02790064C62C /* Frameworks */,
				92CE44202C8A02790064C62C /* Resources */,
			);
			buildRules = (
			);
			dependencies = (
			);
			name = CatImages;
			packageProductDependencies = (
				921F44D62C8DBD8D0052F0CE /* Lottie */,
			);
			productName = CatImages;
			productReference = 92CE44222C8A02790064C62C /* CatImages.app */;
			productType = "com.apple.product-type.application";
		};
/* End PBXNativeTarget section */

/* Begin PBXProject section */
		92CE441A2C8A02790064C62C /* Project object */ = {
			isa = PBXProject;
			attributes = {
				BuildIndependentTargetsInParallel = 1;
				LastSwiftUpdateCheck = 1610;
				LastUpgradeCheck = 1610;
				TargetAttributes = {
					92CE44212C8A02790064C62C = {
						CreatedOnToolsVersion = 16.1;
					};
				};
			};
			buildConfigurationList = 92CE441D2C8A02790064C62C /* Build configuration list for PBXProject "CatImages" */;
			developmentRegion = en;
			hasScannedForEncodings = 0;
			knownRegions = (
				en,
				Base,
			);
			mainGroup = 92CE44192C8A02790064C62C;
			minimizedProjectReferenceProxies = 1;
			packageReferences = (
				921F44D52C8DBD8D0052F0CE /* XCRemoteSwiftPackageReference "lottie-ios" */,
			);
			preferredProjectObjectVersion = 77;
			productRefGroup = 92CE44232C8A02790064C62C /* Products */;
			projectDirPath = "";
			projectRoot = "";
			targets = (
				92CE44212C8A02790064C62C /* CatImages */,
			);
		};
/* End PBXProject section */

/* Begin PBXResourcesBuildPhase section */
		92CE44202C8A02790064C62C /* Resources */ = {
			isa = PBXResourcesBuildPhase;
			buildActionMask = 2147483647;
			files = (
				921F45482C99E98C0052F0CE /* Preview Assets.xcassets in Resources */,
				921F45492C99E98C0052F0CE /* Assets.xcassets in Resources */,
				921F454A2C99E98C0052F0CE /* cat.json in Resources */,
				921F454B2C99E98C0052F0CE /* cat1.json in Resources */,
				921F454C2C99E98C0052F0CE /* heart.json in Resources */,
				921F454D2C99E98C0052F0CE /* xmark.json in Resources */,
			);
			runOnlyForDeploymentPostprocessing = 0;
		};
/* End PBXResourcesBuildPhase section */

/* Begin PBXSourcesBuildPhase section */
		92CE441E2C8A02790064C62C /* Sources */ = {
			isa = PBXSourcesBuildPhase;
			buildActionMask = 2147483647;
			files = (
				921F45432C99E98C0052F0CE /* CatImagesApp.swift in Sources */,
				921F45442C99E98C0052F0CE /* CatView.swift in Sources */,
				921F45452C99E98C0052F0CE /* FavoritesView.swift in Sources */,
				921F45502C99EA4B0052F0CE /* CustomSwitchView.swift in Sources */,
				921F45532C99ECAB0052F0CE /* ControllersView.swift in Sources */,
				921F45462C99E98C0052F0CE /* Model.swift in Sources */,
				921F45472C99E98C0052F0CE /* ViewModel.swift in Sources */,
			);
			runOnlyForDeploymentPostprocessing = 0;
		};
/* End PBXSourcesBuildPhase section */

/* Begin XCBuildConfiguration section */
		92CE442E2C8A027A0064C62C /* Debug */ = {
			isa = XCBuildConfiguration;
			buildSettings = {
				ALWAYS_SEARCH_USER_PATHS = NO;
				ASSETCATALOG_COMPILER_GENERATE_SWIFT_ASSET_SYMBOL_EXTENSIONS = YES;
				CLANG_ANALYZER_NONNULL = YES;
				CLANG_ANALYZER_NUMBER_OBJECT_CONVERSION = YES_AGGRESSIVE;
				CLANG_CXX_LANGUAGE_STANDARD = "gnu++20";
				CLANG_ENABLE_MODULES = YES;
				CLANG_ENABLE_OBJC_ARC = YES;
				CLANG_ENABLE_OBJC_WEAK = YES;
				CLANG_WARN_BLOCK_CAPTURE_AUTORELEASING = YES;
				CLANG_WARN_BOOL_CONVERSION = YES;
				CLANG_WARN_COMMA = YES;
				CLANG_WARN_CONSTANT_CONVERSION = YES;
				CLANG_WARN_DEPRECATED_OBJC_IMPLEMENTATIONS = YES;
				CLANG_WARN_DIRECT_OBJC_ISA_USAGE = YES_ERROR;
				CLANG_WARN_DOCUMENTATION_COMMENTS = YES;
				CLANG_WARN_EMPTY_BODY = YES;
				CLANG_WARN_ENUM_CONVERSION = YES;
				CLANG_WARN_INFINITE_RECURSION = YES;
				CLANG_WARN_INT_CONVERSION = YES;
				CLANG_WARN_NON_LITERAL_NULL_CONVERSION = YES;
				CLANG_WARN_OBJC_IMPLICIT_RETAIN_SELF = YES;
				CLANG_WARN_OBJC_LITERAL_CONVERSION = YES;
				CLANG_WARN_OBJC_ROOT_CLASS = YES_ERROR;
				CLANG_WARN_QUOTED_INCLUDE_IN_FRAMEWORK_HEADER = YES;
				CLANG_WARN_RANGE_LOOP_ANALYSIS = YES;
				CLANG_WARN_STRICT_PROTOTYPES = YES;
				CLANG_WARN_SUSPICIOUS_MOVE = YES;
				CLANG_WARN_UNGUARDED_AVAILABILITY = YES_AGGRESSIVE;
				CLANG_WARN_UNREACHABLE_CODE = YES;
				CLANG_WARN__DUPLICATE_METHOD_MATCH = YES;
				COPY_PHASE_STRIP = NO;
				DEBUG_INFORMATION_FORMAT = dwarf;
				ENABLE_STRICT_OBJC_MSGSEND = YES;
				ENABLE_TESTABILITY = YES;
				ENABLE_USER_SCRIPT_SANDBOXING = YES;
				GCC_C_LANGUAGE_STANDARD = gnu17;
				GCC_DYNAMIC_NO_PIC = NO;
				GCC_NO_COMMON_BLOCKS = YES;
				GCC_OPTIMIZATION_LEVEL = 0;
				GCC_PREPROCESSOR_DEFINITIONS = (
					"DEBUG=1",
					"$(inherited)",
				);
				GCC_WARN_64_TO_32_BIT_CONVERSION = YES;
				GCC_WARN_ABOUT_RETURN_TYPE = YES_ERROR;
				GCC_WARN_UNDECLARED_SELECTOR = YES;
				GCC_WARN_UNINITIALIZED_AUTOS = YES_AGGRESSIVE;
				GCC_WARN_UNUSED_FUNCTION = YES;
				GCC_WARN_UNUSED_VARIABLE = YES;
				IPHONEOS_DEPLOYMENT_TARGET = 18.1;
				LOCALIZATION_PREFERS_STRING_CATALOGS = YES;
				MTL_ENABLE_DEBUG_INFO = INCLUDE_SOURCE;
				MTL_FAST_MATH = YES;
				ONLY_ACTIVE_ARCH = YES;
				SDKROOT = iphoneos;
				SWIFT_ACTIVE_COMPILATION_CONDITIONS = "DEBUG $(inherited)";
				SWIFT_OPTIMIZATION_LEVEL = "-Onone";
			};
			name = Debug;
		};
		92CE442F2C8A027A0064C62C /* Release */ = {
			isa = XCBuildConfiguration;
			buildSettings = {
				ALWAYS_SEARCH_USER_PATHS = NO;
				ASSETCATALOG_COMPILER_GENERATE_SWIFT_ASSET_SYMBOL_EXTENSIONS = YES;
				CLANG_ANALYZER_NONNULL = YES;
				CLANG_ANALYZER_NUMBER_OBJECT_CONVERSION = YES_AGGRESSIVE;
				CLANG_CXX_LANGUAGE_STANDARD = "gnu++20";
				CLANG_ENABLE_MODULES = YES;
				CLANG_ENABLE_OBJC_ARC = YES;
				CLANG_ENABLE_OBJC_WEAK = YES;
				CLANG_WARN_BLOCK_CAPTURE_AUTORELEASING = YES;
				CLANG_WARN_BOOL_CONVERSION = YES;
				CLANG_WARN_COMMA = YES;
				CLANG_WARN_CONSTANT_CONVERSION = YES;
				CLANG_WARN_DEPRECATED_OBJC_IMPLEMENTATIONS = YES;
				CLANG_WARN_DIRECT_OBJC_ISA_USAGE = YES_ERROR;
				CLANG_WARN_DOCUMENTATION_COMMENTS = YES;
				CLANG_WARN_EMPTY_BODY = YES;
				CLANG_WARN_ENUM_CONVERSION = YES;
				CLANG_WARN_INFINITE_RECURSION = YES;
				CLANG_WARN_INT_CONVERSION = YES;
				CLANG_WARN_NON_LITERAL_NULL_CONVERSION = YES;
				CLANG_WARN_OBJC_IMPLICIT_RETAIN_SELF = YES;
				CLANG_WARN_OBJC_LITERAL_CONVERSION = YES;
				CLANG_WARN_OBJC_ROOT_CLASS = YES_ERROR;
				CLANG_WARN_QUOTED_INCLUDE_IN_FRAMEWORK_HEADER = YES;
				CLANG_WARN_RANGE_LOOP_ANALYSIS = YES;
				CLANG_WARN_STRICT_PROTOTYPES = YES;
				CLANG_WARN_SUSPICIOUS_MOVE = YES;
				CLANG_WARN_UNGUARDED_AVAILABILITY = YES_AGGRESSIVE;
				CLANG_WARN_UNREACHABLE_CODE = YES;
				CLANG_WARN__DUPLICATE_METHOD_MATCH = YES;
				COPY_PHASE_STRIP = NO;
				DEBUG_INFORMATION_FORMAT = "dwarf-with-dsym";
				ENABLE_NS_ASSERTIONS = NO;
				ENABLE_STRICT_OBJC_MSGSEND = YES;
				ENABLE_USER_SCRIPT_SANDBOXING = YES;
				GCC_C_LANGUAGE_STANDARD = gnu17;
				GCC_NO_COMMON_BLOCKS = YES;
				GCC_WARN_64_TO_32_BIT_CONVERSION = YES;
				GCC_WARN_ABOUT_RETURN_TYPE = YES_ERROR;
				GCC_WARN_UNDECLARED_SELECTOR = YES;
				GCC_WARN_UNINITIALIZED_AUTOS = YES_AGGRESSIVE;
				GCC_WARN_UNUSED_FUNCTION = YES;
				GCC_WARN_UNUSED_VARIABLE = YES;
				IPHONEOS_DEPLOYMENT_TARGET = 18.1;
				LOCALIZATION_PREFERS_STRING_CATALOGS = YES;
				MTL_ENABLE_DEBUG_INFO = NO;
				MTL_FAST_MATH = YES;
				SDKROOT = iphoneos;
				SWIFT_COMPILATION_MODE = wholemodule;
				VALIDATE_PRODUCT = YES;
			};
			name = Release;
		};
		92CE44312C8A027A0064C62C /* Debug */ = {
			isa = XCBuildConfiguration;
			buildSettings = {
				ASSETCATALOG_COMPILER_APPICON_NAME = AppIcon;
				ASSETCATALOG_COMPILER_GLOBAL_ACCENT_COLOR_NAME = AccentColor;
				CODE_SIGN_STYLE = Automatic;
				CURRENT_PROJECT_VERSION = 1;
				DEVELOPMENT_ASSET_PATHS = "\"CatImages/Preview Content\"";
				DEVELOPMENT_TEAM = ZT829445M9;
				ENABLE_PREVIEWS = YES;
				GENERATE_INFOPLIST_FILE = YES;
				INFOPLIST_KEY_UIApplicationSceneManifest_Generation = YES;
				INFOPLIST_KEY_UIApplicationSupportsIndirectInputEvents = YES;
				INFOPLIST_KEY_UILaunchScreen_Generation = YES;
				INFOPLIST_KEY_UISupportedInterfaceOrientations_iPad = "UIInterfaceOrientationPortrait UIInterfaceOrientationPortraitUpsideDown UIInterfaceOrientationLandscapeLeft UIInterfaceOrientationLandscapeRight";
				INFOPLIST_KEY_UISupportedInterfaceOrientations_iPhone = "UIInterfaceOrientationPortrait UIInterfaceOrientationLandscapeLeft UIInterfaceOrientationLandscapeRight";
				IPHONEOS_DEPLOYMENT_TARGET = 17.0;
				LD_RUNPATH_SEARCH_PATHS = (
					"$(inherited)",
					"@executable_path/Frameworks",
				);
				MARKETING_VERSION = 1.0;
				PRODUCT_BUNDLE_IDENTIFIER = com.YuriPetrosyan.CatImages;
				PRODUCT_NAME = "$(TARGET_NAME)";
				SWIFT_EMIT_LOC_STRINGS = YES;
				SWIFT_VERSION = 5.0;
				TARGETED_DEVICE_FAMILY = "1,2";
			};
			name = Debug;
		};
		92CE44322C8A027A0064C62C /* Release */ = {
			isa = XCBuildConfiguration;
			buildSettings = {
				ASSETCATALOG_COMPILER_APPICON_NAME = AppIcon;
				ASSETCATALOG_COMPILER_GLOBAL_ACCENT_COLOR_NAME = AccentColor;
				CODE_SIGN_STYLE = Automatic;
				CURRENT_PROJECT_VERSION = 1;
				DEVELOPMENT_ASSET_PATHS = "\"CatImages/Preview Content\"";
				DEVELOPMENT_TEAM = ZT829445M9;
				ENABLE_PREVIEWS = YES;
				GENERATE_INFOPLIST_FILE = YES;
				INFOPLIST_KEY_UIApplicationSceneManifest_Generation = YES;
				INFOPLIST_KEY_UIApplicationSupportsIndirectInputEvents = YES;
				INFOPLIST_KEY_UILaunchScreen_Generation = YES;
				INFOPLIST_KEY_UISupportedInterfaceOrientations_iPad = "UIInterfaceOrientationPortrait UIInterfaceOrientationPortraitUpsideDown UIInterfaceOrientationLandscapeLeft UIInterfaceOrientationLandscapeRight";
				INFOPLIST_KEY_UISupportedInterfaceOrientations_iPhone = "UIInterfaceOrientationPortrait UIInterfaceOrientationLandscapeLeft UIInterfaceOrientationLandscapeRight";
				IPHONEOS_DEPLOYMENT_TARGET = 17.0;
				LD_RUNPATH_SEARCH_PATHS = (
					"$(inherited)",
					"@executable_path/Frameworks",
				);
				MARKETING_VERSION = 1.0;
				PRODUCT_BUNDLE_IDENTIFIER = com.YuriPetrosyan.CatImages;
				PRODUCT_NAME = "$(TARGET_NAME)";
				SWIFT_EMIT_LOC_STRINGS = YES;
				SWIFT_VERSION = 5.0;
				TARGETED_DEVICE_FAMILY = "1,2";
			};
			name = Release;
		};
/* End XCBuildConfiguration section */

/* Begin XCConfigurationList section */
		92CE441D2C8A02790064C62C /* Build configuration list for PBXProject "CatImages" */ = {
			isa = XCConfigurationList;
			buildConfigurations = (
				92CE442E2C8A027A0064C62C /* Debug */,
				92CE442F2C8A027A0064C62C /* Release */,
			);
			defaultConfigurationIsVisible = 0;
			defaultConfigurationName = Release;
		};
		92CE44302C8A027A0064C62C /* Build configuration list for PBXNativeTarget "CatImages" */ = {
			isa = XCConfigurationList;
			buildConfigurations = (
				92CE44312C8A027A0064C62C /* Debug */,
				92CE44322C8A027A0064C62C /* Release */,
			);
			defaultConfigurationIsVisible = 0;
			defaultConfigurationName = Release;
		};
/* End XCConfigurationList section */

/* Begin XCRemoteSwiftPackageReference section */
		921F44D52C8DBD8D0052F0CE /* XCRemoteSwiftPackageReference "lottie-ios" */ = {
			isa = XCRemoteSwiftPackageReference;
			repositoryURL = "https://github.com/airbnb/lottie-ios";
			requirement = {
				kind = upToNextMajorVersion;
				minimumVersion = 4.5.0;
			};
		};
/* End XCRemoteSwiftPackageReference section */

/* Begin XCSwiftPackageProductDependency section */
		921F44D62C8DBD8D0052F0CE /* Lottie */ = {
			isa = XCSwiftPackageProductDependency;
			package = 921F44D52C8DBD8D0052F0CE /* XCRemoteSwiftPackageReference "lottie-ios" */;
			productName = Lottie;
		};
/* End XCSwiftPackageProductDependency section */
	};
	rootObject = 92CE441A2C8A02790064C62C /* Project object */;
}
